{
  "version": 4,
  "terraform_version": "1.12.2",
  "serial": 149,
  "lineage": "1c834586-df34-2f72-f3b0-9c212b0319ec",
  "outputs": {
    "web_server_ips": {
      "value": {
        "web-server-01": "192.168.1.81/24",
        "web-server-02": "192.168.1.82/24"
      },
      "type": [
        "object",
        {
          "web-server-01": "string",
          "web-server-02": "string"
        }
      ]
    }
  },
  "resources": [
    {
      "mode": "managed",
      "type": "proxmox_virtual_environment_file",
      "name": "template_cloud_init",
      "provider": "provider[\"registry.terraform.io/bpg/proxmox\"]",
      "instances": [
        {
          "schema_version": 0,
          "attributes": {
            "content_type": "snippets",
            "datastore_id": "cluster-shared-nfs",
            "file_mode": null,
            "file_modification_date": null,
            "file_name": "template-init.yaml",
            "file_size": null,
            "file_tag": null,
            "id": "cluster-shared-nfs:snippets/template-init.yaml",
            "node_name": "pve1",
            "overwrite": true,
            "source_file": [],
            "source_raw": [
              {
                "data": "#cloud-config\npackages:\n  - qemu-guest-agent\nruncmd:\n  - systemctl enable --now qemu-guest-agent\n",
                "file_name": "template-init.yaml",
                "resize": 0
              }
            ],
            "timeout_upload": 1800
          },
          "sensitive_attributes": [],
          "identity_schema_version": 0,
          "private": "bnVsbA=="
        }
      ]
    },
    {
      "mode": "managed",
      "type": "proxmox_virtual_environment_file",
      "name": "webserver_cloud_init",
      "provider": "provider[\"registry.terraform.io/bpg/proxmox\"]",
      "instances": [
        {
          "schema_version": 0,
          "attributes": {
            "content_type": "snippets",
            "datastore_id": "cluster-shared-nfs",
            "file_mode": null,
            "file_modification_date": null,
            "file_name": "webserver-init.yaml",
            "file_size": null,
            "file_tag": null,
            "id": "cluster-shared-nfs:snippets/webserver-init.yaml",
            "node_name": "pve1",
            "overwrite": true,
            "source_file": [],
            "source_raw": [
              {
                "data": "#cloud-config\nusers:\n  - name: mikha\n    sudo: ALL=(ALL) NOPASSWD:ALL\n    groups: users, admin\n    shell: /bin/bash\n    ssh_authorized_keys:\n      - ssh-rsa AAAAB3NzaC1yc2EAAAADAQABAAACAQCSo7JnBBuSGhZp1EBI1D3zqAV5Y/zSr70LU21JYALlhv68W8wrMDQxn4KphXh2URGuYmCAF5/gyeV49Sinl0SbNErCqQGMPQlEYYm9eru+svEtaDhH5xuJYVzqoSTsS6iDsTp/kHASbnFb9lSAa0jo8RaXSbtzUHPL7lpO+YdVbKEJq0MK9B4dkNWsOHOnjFKJ35cL2u8h2SPHOZO7k7w3maPaDGrXaalv8skvfgPhrJ8zPwgs/r5g6X+LCl4LgVq4RZs9ssg+m389t4ezGoHyyfBqOzTgptugxb8Oq6Ml0nMe6f7sCudpYRc+/wwstCzarvowyPv5Cc9ZmnQOpuxAmU+GSR61T0+rZXtbcjwZVDS+CjpE/y1V1qIeR+IzhfQhTcqVBYcfH/Jg1HKIXlvNR6OdO6m8SawnPSzjgnxAFiXmp6m12M/xL6BYTYb8AaANnbZe6PgZCJzGqBwt6tGZ9hCcVLTavYXNO8fLcAqToZucCMMUs0mT+7NECsb0iSi1SD9FLaaEPNBIc3GvT4Lo1VcerRpy+6hJ1qzDWkZsQV7V4Kasfm/NIsH1Vu8/QkkQXi6J1CR5B2L9HjoXu2uA9qeEi8u7QUbB3T90+0PXwY/7J3VHZKwAkuxo3tfKyHcjJnJoBBsQ3RjGnVz3DOvvqNcs/xeZP5XQskdozP82vw== milenikaiqbal@gmail.com\n      \n# Install only the necessary packages for a minimal VM.\n# The rest will be configured by Ansible.\npackages:\n  - qemu-guest-agent\n\n# Ensure the guest agent is running.\nruncmd:\n  - systemctl enable --now qemu-guest-agent\n",
                "file_name": "webserver-init.yaml",
                "resize": 0
              }
            ],
            "timeout_upload": 1800
          },
          "sensitive_attributes": [],
          "identity_schema_version": 0,
          "private": "bnVsbA=="
        }
      ]
    },
    {
      "mode": "managed",
      "type": "proxmox_virtual_environment_vm",
      "name": "ubuntu_template",
      "provider": "provider[\"registry.terraform.io/bpg/proxmox\"]",
      "instances": [
        {
          "index_key": "pve1",
          "schema_version": 0,
          "attributes": {
            "acpi": true,
            "agent": [
              {
                "enabled": true,
                "timeout": "15m",
                "trim": false,
                "type": "virtio"
              }
            ],
            "audio_device": [],
            "bios": "seabios",
            "boot_order": [
              "scsi0"
            ],
            "cdrom": [],
            "clone": [],
            "cpu": [
              {
                "affinity": "",
                "architecture": "",
                "cores": 6,
                "flags": null,
                "hotplugged": 0,
                "limit": 0,
                "numa": false,
                "sockets": 1,
                "type": "qemu64",
                "units": 1024
              }
            ],
            "description": "",
            "disk": [
              {
                "aio": "io_uring",
                "backup": true,
                "cache": "none",
                "datastore_id": "cluster-shared-nfs",
                "discard": "ignore",
                "file_format": "qcow2",
                "file_id": "cluster-shared-nfs:iso/noble-server-cloudimg-amd64.img",
                "interface": "scsi0",
                "iothread": false,
                "path_in_datastore": "9001/vm-9001-disk-0.qcow2",
                "replicate": true,
                "serial": "",
                "size": 10,
                "speed": [],
                "ssd": false
              }
            ],
            "efi_disk": [],
            "hook_script_file_id": null,
            "hostpci": [],
            "id": "9001",
            "initialization": [
              {
                "datastore_id": "cluster-shared-nfs",
                "dns": [],
                "interface": "ide2",
                "ip_config": [],
                "meta_data_file_id": "",
                "network_data_file_id": "",
                "type": "",
                "upgrade": false,
                "user_account": [],
                "user_data_file_id": "cluster-shared-nfs:snippets/template-init.yaml",
                "vendor_data_file_id": ""
              }
            ],
            "ipv4_addresses": [],
            "ipv6_addresses": [],
            "keyboard_layout": "en-us",
            "kvm_arguments": "",
            "mac_addresses": [],
            "machine": "",
            "memory": [
              {
                "dedicated": 8192,
                "floating": 0,
                "hugepages": "",
                "keep_hugepages": false,
                "shared": 0
              }
            ],
            "migrate": false,
            "name": "ubuntu-2404-cloud-template-pve1",
            "network_device": [],
            "network_interface_names": [],
            "node_name": "pve1",
            "numa": [],
            "on_boot": true,
            "operating_system": [],
            "pool_id": null,
            "protection": false,
            "reboot": false,
            "scsi_hardware": "virtio-scsi-pci",
            "serial_device": [],
            "smbios": [],
            "started": null,
            "startup": [],
            "stop_on_destroy": false,
            "tablet_device": true,
            "tags": null,
            "template": true,
            "timeout_clone": 1800,
            "timeout_create": 1800,
            "timeout_migrate": 1800,
            "timeout_move_disk": 1800,
            "timeout_reboot": 1800,
            "timeout_shutdown_vm": 1800,
            "timeout_start_vm": 1800,
            "timeout_stop_vm": 300,
            "tpm_state": [],
            "usb": [],
            "vga": [],
            "vm_id": 9001,
            "watchdog": []
          },
          "sensitive_attributes": [],
          "identity_schema_version": 0,
          "private": "bnVsbA==",
          "dependencies": [
            "proxmox_virtual_environment_file.template_cloud_init"
          ]
        },
        {
          "index_key": "pve2",
          "schema_version": 0,
          "attributes": {
            "acpi": true,
            "agent": [
              {
                "enabled": true,
                "timeout": "15m",
                "trim": false,
                "type": "virtio"
              }
            ],
            "audio_device": [],
            "bios": "seabios",
            "boot_order": [
              "scsi0"
            ],
            "cdrom": [],
            "clone": [],
            "cpu": [
              {
                "affinity": "",
                "architecture": "",
                "cores": 6,
                "flags": null,
                "hotplugged": 0,
                "limit": 0,
                "numa": false,
                "sockets": 1,
                "type": "qemu64",
                "units": 1024
              }
            ],
            "description": "",
            "disk": [
              {
                "aio": "io_uring",
                "backup": true,
                "cache": "none",
                "datastore_id": "cluster-shared-nfs",
                "discard": "ignore",
                "file_format": "qcow2",
                "file_id": "cluster-shared-nfs:iso/noble-server-cloudimg-amd64.img",
                "interface": "scsi0",
                "iothread": false,
                "path_in_datastore": "9002/vm-9002-disk-0.qcow2",
                "replicate": true,
                "serial": "",
                "size": 10,
                "speed": [],
                "ssd": false
              }
            ],
            "efi_disk": [],
            "hook_script_file_id": null,
            "hostpci": [],
            "id": "9002",
            "initialization": [
              {
                "datastore_id": "cluster-shared-nfs",
                "dns": [],
                "interface": "ide2",
                "ip_config": [],
                "meta_data_file_id": "",
                "network_data_file_id": "",
                "type": "",
                "upgrade": false,
                "user_account": [],
                "user_data_file_id": "cluster-shared-nfs:snippets/template-init.yaml",
                "vendor_data_file_id": ""
              }
            ],
            "ipv4_addresses": [],
            "ipv6_addresses": [],
            "keyboard_layout": "en-us",
            "kvm_arguments": "",
            "mac_addresses": [],
            "machine": "",
            "memory": [
              {
                "dedicated": 8192,
                "floating": 0,
                "hugepages": "",
                "keep_hugepages": false,
                "shared": 0
              }
            ],
            "migrate": false,
            "name": "ubuntu-2404-cloud-template-pve2",
            "network_device": [],
            "network_interface_names": [],
            "node_name": "pve2",
            "numa": [],
            "on_boot": true,
            "operating_system": [],
            "pool_id": null,
            "protection": false,
            "reboot": false,
            "scsi_hardware": "virtio-scsi-pci",
            "serial_device": [],
            "smbios": [],
            "started": null,
            "startup": [],
            "stop_on_destroy": false,
            "tablet_device": true,
            "tags": null,
            "template": true,
            "timeout_clone": 1800,
            "timeout_create": 1800,
            "timeout_migrate": 1800,
            "timeout_move_disk": 1800,
            "timeout_reboot": 1800,
            "timeout_shutdown_vm": 1800,
            "timeout_start_vm": 1800,
            "timeout_stop_vm": 300,
            "tpm_state": [],
            "usb": [],
            "vga": [],
            "vm_id": 9002,
            "watchdog": []
          },
          "sensitive_attributes": [],
          "identity_schema_version": 0,
          "private": "bnVsbA==",
          "dependencies": [
            "proxmox_virtual_environment_file.template_cloud_init"
          ]
        }
      ]
    },
    {
      "mode": "managed",
      "type": "proxmox_virtual_environment_vm",
      "name": "web_servers",
      "provider": "provider[\"registry.terraform.io/bpg/proxmox\"]",
      "instances": [
        {
          "index_key": "web-server-01",
          "schema_version": 0,
          "attributes": {
            "acpi": true,
            "agent": [
              {
                "enabled": true,
                "timeout": "15m",
                "trim": false,
                "type": "virtio"
              }
            ],
            "audio_device": [],
            "bios": "seabios",
            "boot_order": null,
            "cdrom": [],
            "clone": [
              {
                "datastore_id": "",
                "full": true,
                "node_name": "",
                "retries": 1,
                "vm_id": 9001
              }
            ],
            "cpu": [
              {
                "affinity": "",
                "architecture": "",
                "cores": 6,
                "flags": null,
                "hotplugged": 0,
                "limit": 0,
                "numa": false,
                "sockets": 1,
                "type": "qemu64",
                "units": 1024
              }
            ],
            "description": null,
            "disk": [
              {
                "aio": "io_uring",
                "backup": true,
                "cache": "none",
                "datastore_id": "cluster-shared-nfs",
                "discard": "ignore",
                "file_format": "qcow2",
                "file_id": "",
                "interface": "scsi0",
                "iothread": false,
                "path_in_datastore": "801/vm-801-disk-0.qcow2",
                "replicate": true,
                "serial": "",
                "size": 20,
                "speed": [],
                "ssd": false
              }
            ],
            "efi_disk": [],
            "hook_script_file_id": null,
            "hostpci": [],
            "id": "801",
            "initialization": [
              {
                "datastore_id": "cluster-shared-nfs",
                "dns": [],
                "interface": "ide2",
                "ip_config": [
                  {
                    "ipv4": [
                      {
                        "address": "192.168.1.81/24",
                        "gateway": "192.168.1.1"
                      }
                    ],
                    "ipv6": []
                  }
                ],
                "meta_data_file_id": "",
                "network_data_file_id": "",
                "type": "",
                "upgrade": false,
                "user_account": [],
                "user_data_file_id": "cluster-shared-nfs:snippets/webserver-init.yaml",
                "vendor_data_file_id": ""
              }
            ],
            "ipv4_addresses": [
              [
                "127.0.0.1"
              ],
              [
                "192.168.1.81"
              ]
            ],
            "ipv6_addresses": [
              [
                "::1"
              ],
              [
                "fe80::be24:11ff:fe25:81dc"
              ]
            ],
            "keyboard_layout": "en-us",
            "kvm_arguments": null,
            "mac_addresses": [
              "00:00:00:00:00:00",
              "BC:24:11:25:81:DC"
            ],
            "machine": null,
            "memory": [
              {
                "dedicated": 8192,
                "floating": 0,
                "hugepages": "",
                "keep_hugepages": false,
                "shared": 0
              }
            ],
            "migrate": false,
            "name": "web-server-01",
            "network_device": [
              {
                "bridge": "vmbr0",
                "disconnected": false,
                "enabled": true,
                "firewall": false,
                "mac_address": "BC:24:11:25:81:DC",
                "model": "virtio",
                "mtu": 0,
                "queues": 0,
                "rate_limit": 0,
                "trunks": "",
                "vlan_id": 0
              }
            ],
            "network_interface_names": [
              "lo",
              "eth0"
            ],
            "node_name": "pve1",
            "numa": [],
            "on_boot": true,
            "operating_system": [],
            "pool_id": null,
            "protection": false,
            "reboot": false,
            "scsi_hardware": "virtio-scsi-pci",
            "serial_device": [],
            "smbios": [],
            "started": true,
            "startup": [],
            "stop_on_destroy": false,
            "tablet_device": true,
            "tags": [
              "app",
              "web"
            ],
            "template": false,
            "timeout_clone": 1800,
            "timeout_create": 1800,
            "timeout_migrate": 1800,
            "timeout_move_disk": 1800,
            "timeout_reboot": 1800,
            "timeout_shutdown_vm": 1800,
            "timeout_start_vm": 1800,
            "timeout_stop_vm": 300,
            "tpm_state": [],
            "usb": [],
            "vga": [],
            "vm_id": 801,
            "watchdog": []
          },
          "sensitive_attributes": [],
          "identity_schema_version": 0,
          "private": "bnVsbA==",
          "dependencies": [
            "proxmox_virtual_environment_file.template_cloud_init",
            "proxmox_virtual_environment_file.webserver_cloud_init",
            "proxmox_virtual_environment_vm.ubuntu_template"
          ]
        },
        {
          "index_key": "web-server-02",
          "schema_version": 0,
          "attributes": {
            "acpi": true,
            "agent": [
              {
                "enabled": true,
                "timeout": "15m",
                "trim": false,
                "type": "virtio"
              }
            ],
            "audio_device": [],
            "bios": "seabios",
            "boot_order": null,
            "cdrom": [],
            "clone": [
              {
                "datastore_id": "",
                "full": true,
                "node_name": "",
                "retries": 1,
                "vm_id": 9002
              }
            ],
            "cpu": [
              {
                "affinity": "",
                "architecture": "",
                "cores": 6,
                "flags": null,
                "hotplugged": 0,
                "limit": 0,
                "numa": false,
                "sockets": 1,
                "type": "qemu64",
                "units": 1024
              }
            ],
            "description": null,
            "disk": [
              {
                "aio": "io_uring",
                "backup": true,
                "cache": "none",
                "datastore_id": "cluster-shared-nfs",
                "discard": "ignore",
                "file_format": "qcow2",
                "file_id": "",
                "interface": "scsi0",
                "iothread": false,
                "path_in_datastore": "802/vm-802-disk-0.qcow2",
                "replicate": true,
                "serial": "",
                "size": 20,
                "speed": [],
                "ssd": false
              }
            ],
            "efi_disk": [],
            "hook_script_file_id": null,
            "hostpci": [],
            "id": "802",
            "initialization": [
              {
                "datastore_id": "cluster-shared-nfs",
                "dns": [],
                "interface": "ide2",
                "ip_config": [
                  {
                    "ipv4": [
                      {
                        "address": "192.168.1.82/24",
                        "gateway": "192.168.1.1"
                      }
                    ],
                    "ipv6": []
                  }
                ],
                "meta_data_file_id": "",
                "network_data_file_id": "",
                "type": "",
                "upgrade": false,
                "user_account": [],
                "user_data_file_id": "cluster-shared-nfs:snippets/webserver-init.yaml",
                "vendor_data_file_id": ""
              }
            ],
            "ipv4_addresses": [
              [
                "127.0.0.1"
              ],
              [
                "192.168.1.82"
              ]
            ],
            "ipv6_addresses": [
              [
                "::1"
              ],
              [
                "fe80::be24:11ff:fe4b:b028"
              ]
            ],
            "keyboard_layout": "en-us",
            "kvm_arguments": null,
            "mac_addresses": [
              "00:00:00:00:00:00",
              "BC:24:11:4B:B0:28"
            ],
            "machine": null,
            "memory": [
              {
                "dedicated": 8192,
                "floating": 0,
                "hugepages": "",
                "keep_hugepages": false,
                "shared": 0
              }
            ],
            "migrate": false,
            "name": "web-server-02",
            "network_device": [
              {
                "bridge": "vmbr0",
                "disconnected": false,
                "enabled": true,
                "firewall": false,
                "mac_address": "BC:24:11:4B:B0:28",
                "model": "virtio",
                "mtu": 0,
                "queues": 0,
                "rate_limit": 0,
                "trunks": "",
                "vlan_id": 0
              }
            ],
            "network_interface_names": [
              "lo",
              "eth0"
            ],
            "node_name": "pve2",
            "numa": [],
            "on_boot": true,
            "operating_system": [],
            "pool_id": null,
            "protection": false,
            "reboot": false,
            "scsi_hardware": "virtio-scsi-pci",
            "serial_device": [],
            "smbios": [],
            "started": true,
            "startup": [],
            "stop_on_destroy": false,
            "tablet_device": true,
            "tags": [
              "app",
              "web"
            ],
            "template": false,
            "timeout_clone": 1800,
            "timeout_create": 1800,
            "timeout_migrate": 1800,
            "timeout_move_disk": 1800,
            "timeout_reboot": 1800,
            "timeout_shutdown_vm": 1800,
            "timeout_start_vm": 1800,
            "timeout_stop_vm": 300,
            "tpm_state": [],
            "usb": [],
            "vga": [],
            "vm_id": 802,
            "watchdog": []
          },
          "sensitive_attributes": [],
          "identity_schema_version": 0,
          "private": "bnVsbA==",
          "dependencies": [
            "proxmox_virtual_environment_file.template_cloud_init",
            "proxmox_virtual_environment_file.webserver_cloud_init",
            "proxmox_virtual_environment_vm.ubuntu_template"
          ]
        }
      ]
    }
  ],
  "check_results": null
}
