{
  "version": 4,
  "terraform_version": "1.12.2",
  "serial": 92,
  "lineage": "9a83ef8b-1889-871b-8ccd-607370620444",
  "outputs": {},
  "resources": [
    {
      "mode": "managed",
      "type": "proxmox_virtual_environment_download_file",
      "name": "ubuntu_cloud_image",
      "provider": "provider[\"registry.terraform.io/bpg/proxmox\"]",
      "instances": [
        {
          "schema_version": 0,
          "attributes": {
            "checksum": null,
            "checksum_algorithm": null,
            "content_type": "iso",
            "datastore_id": "local",
            "decompression_algorithm": null,
            "file_name": "noble-server-cloudimg-amd64.img",
            "id": "local:iso/noble-server-cloudimg-amd64.img",
            "node_name": "pve1",
            "overwrite": true,
            "overwrite_unmanaged": false,
            "size": 613725184,
            "upload_timeout": 600,
            "url": "https://cloud-images.ubuntu.com/noble/current/noble-server-cloudimg-amd64.img",
            "verify": true
          },
          "sensitive_attributes": [],
          "identity_schema_version": 0,
          "private": "eyJvcmlnaW5hbF9zdGF0ZV9zaXplIjoiTmpFek56STFNVGcwIiwidXJsX3NpemUiOiJOakV6TnpJMU1UZzAifQ=="
        }
      ]
    },
    {
      "mode": "managed",
      "type": "proxmox_virtual_environment_file",
      "name": "packer_auth_init",
      "provider": "provider[\"registry.terraform.io/bpg/proxmox\"]",
      "instances": [
        {
          "schema_version": 0,
          "attributes": {
            "content_type": "snippets",
            "datastore_id": "local",
            "file_mode": null,
            "file_modification_date": null,
            "file_name": "packer-auth-init.yaml",
            "file_size": null,
            "file_tag": null,
            "id": "local:snippets/packer-auth-init.yaml",
            "node_name": "pve1",
            "overwrite": true,
            "source_file": [],
            "source_raw": [
              {
                "data": "#cloud-config\nssh_pwauth: false\nusers:\n  - name: ubuntu\n    sudo: ALL=(ALL) NOPASSWD:ALL\n    ssh_authorized_keys:\n      - \"ssh-rsa AAAAB3NzaC1yc2EAAAADAQABAAACAQCSo7JnBBuSGhZp1EBI1D3zqAV5Y/zSr70LU21JYALlhv68W8wrMDQxn4KphXh2URGuYmCAF5/gyeV49Sinl0SbNErCqQGMPQlEYYm9eru+svEtaDhH5xuJYVzqoSTsS6iDsTp/kHASbnFb9lSAa0jo8RaXSbtzUHPL7lpO+YdVbKEJq0MK9B4dkNWsOHOnjFKJ35cL2u8h2SPHOZO7k7w3maPaDGrXaalv8skvfgPhrJ8zPwgs/r5g6X+LCl4LgVq4RZs9ssg+m389t4ezGoHyyfBqOzTgptugxb8Oq6Ml0nMe6f7sCudpYRc+/wwstCzarvowyPv5Cc9ZmnQOpuxAmU+GSR61T0+rZXtbcjwZVDS+CjpE/y1V1qIeR+IzhfQhTcqVBYcfH/Jg1HKIXlvNR6OdO6m8SawnPSzjgnxAFiXmp6m12M/xL6BYTYb8AaANnbZe6PgZCJzGqBwt6tGZ9hCcVLTavYXNO8fLcAqToZucCMMUs0mT+7NECsb0iSi1SD9FLaaEPNBIc3GvT4Lo1VcerRpy+6hJ1qzDWkZsQV7V4Kasfm/NIsH1Vu8/QkkQXi6J1CR5B2L9HjoXu2uA9qeEi8u7QUbB3T90+0PXwY/7J3VHZKwAkuxo3tfKyHcjJnJoBBsQ3RjGnVz3DOvvqNcs/xeZP5XQskdozP82vw== milenikaiqbal@gmail.com\"\n      - \"ssh-rsa AAAAB3NzaC1yc2EAAAADAQABAAACAQDJ7XAzKzFPAaScqA8tnLM99BzKkBv6U3pkdQWtVkZ/QZhasSbhWzieWHAvoKqQqR8aEGDO8BbXx6CAGnbJPXRfPtArgtyj3gm6UVQq4CBpJWI2hBdeMFHyzZmINs5SrgW20Lrh+XCJczLxXTvkv4tfok88IeEmnrSmrq0l6Y/1lVPK9Wrc9hjtycQGdooe3rKs8FicO3kinUa4C+t/vCoZbYbtSEI04rR/NvTwk3UFAhiOIVKDIqC7CuQaPz/s8bMQk8rOuVGkf8kM2rkUMYUN030AcgXzYuDoFLgUtonqqUGrF2liHj2owd83af2k+HRZL2fCqbNwY7Iz1vnUyxPpMWSjoQJixl6MMEBrJyn6TnYIHgeaa2YaIicOE9Ze1vpscfZ1oRrJfJU2sL+1elVEXkrqJfJlpRWHK0IfKTWtpdVD6j8x2RshAKMfBnavmhm2fIiizfePSE8VIlMWMQ9AzqQsyzXVsYXULRd+N4xfoWR6z4A8R4iTFIAqGneD08RX1JYQqaCicobxYYVIqCey3wbFY7AbahGsI7SdJsqkTUOdKIWYHiCsp1H2Hl0jMj5dERy/ZY2a8cFpZSjMG2cyJz0Ji8eMORg7fwrHMOmKDieSedAl4wk+cYHzRUR+9Mj9RubgFeO743i/7K8Yf+pKKzC3dhavtE8wY7qmh6Xa9Q== mikha@T440p\"\npackages:\n  - qemu-guest-agent\nruncmd:\n  - systemctl enable --now qemu-guest-agent\n",
                "file_name": "packer-auth-init.yaml",
                "resize": 0
              }
            ],
            "timeout_upload": 1800
          },
          "sensitive_attributes": [],
          "identity_schema_version": 0,
          "private": "bnVsbA=="
        }
      ]
    },
    {
      "mode": "managed",
      "type": "proxmox_virtual_environment_vm",
      "name": "base_cloud_template",
      "provider": "provider[\"registry.terraform.io/bpg/proxmox\"]",
      "instances": [
        {
          "schema_version": 0,
          "attributes": {
            "acpi": true,
            "agent": [
              {
                "enabled": true,
                "timeout": "15m",
                "trim": false,
                "type": "virtio"
              }
            ],
            "audio_device": [],
            "bios": "seabios",
            "boot_order": [
              "scsi0"
            ],
            "cdrom": [],
            "clone": [],
            "cpu": [
              {
                "affinity": "",
                "architecture": "",
                "cores": 1,
                "flags": null,
                "hotplugged": 0,
                "limit": 0,
                "numa": false,
                "sockets": 1,
                "type": "qemu64",
                "units": 1024
              }
            ],
            "description": "DO NOT DELETE: Base cloud-image template for Packer.",
            "disk": [
              {
                "aio": "io_uring",
                "backup": true,
                "cache": "none",
                "datastore_id": "local-lvm",
                "discard": "ignore",
                "file_format": "raw",
                "file_id": "local:iso/noble-server-cloudimg-amd64.img",
                "interface": "scsi0",
                "iothread": false,
                "path_in_datastore": "vm-9999-disk-0",
                "replicate": true,
                "serial": "",
                "size": 10,
                "speed": [],
                "ssd": false
              }
            ],
            "efi_disk": [],
            "hook_script_file_id": null,
            "hostpci": [],
            "id": "9999",
            "initialization": [
              {
                "datastore_id": "local-lvm",
                "dns": [
                  {
                    "domain": "",
                    "server": "",
                    "servers": [
                      "1.1.1.1",
                      "8.8.8.8"
                    ]
                  }
                ],
                "interface": "ide2",
                "ip_config": [
                  {
                    "ipv4": [
                      {
                        "address": "dhcp",
                        "gateway": ""
                      }
                    ],
                    "ipv6": []
                  }
                ],
                "meta_data_file_id": "",
                "network_data_file_id": "",
                "type": "",
                "upgrade": false,
                "user_account": [],
                "user_data_file_id": "local:snippets/packer-auth-init.yaml",
                "vendor_data_file_id": ""
              }
            ],
            "ipv4_addresses": [],
            "ipv6_addresses": [],
            "keyboard_layout": "en-us",
            "kvm_arguments": "",
            "mac_addresses": [
              "BC:24:11:A8:D0:E8"
            ],
            "machine": "",
            "memory": [
              {
                "dedicated": 2048,
                "floating": 0,
                "hugepages": "",
                "keep_hugepages": false,
                "shared": 0
              }
            ],
            "migrate": false,
            "name": "ubuntu-2404-cloud-base",
            "network_device": [
              {
                "bridge": "vmbr0",
                "disconnected": false,
                "enabled": true,
                "firewall": false,
                "mac_address": "BC:24:11:A8:D0:E8",
                "model": "virtio",
                "mtu": 0,
                "queues": 0,
                "rate_limit": 0,
                "trunks": "",
                "vlan_id": 0
              }
            ],
            "network_interface_names": [],
            "node_name": "pve1",
            "numa": [],
            "on_boot": true,
            "operating_system": [],
            "pool_id": null,
            "protection": false,
            "reboot": false,
            "scsi_hardware": "virtio-scsi-pci",
            "serial_device": [],
            "smbios": [],
            "started": null,
            "startup": [],
            "stop_on_destroy": false,
            "tablet_device": true,
            "tags": null,
            "template": true,
            "timeout_clone": 1800,
            "timeout_create": 1800,
            "timeout_migrate": 1800,
            "timeout_move_disk": 1800,
            "timeout_reboot": 1800,
            "timeout_shutdown_vm": 1800,
            "timeout_start_vm": 1800,
            "timeout_stop_vm": 300,
            "tpm_state": [],
            "usb": [],
            "vga": [],
            "vm_id": 9999,
            "watchdog": []
          },
          "sensitive_attributes": [],
          "identity_schema_version": 0,
          "private": "bnVsbA==",
          "dependencies": [
            "proxmox_virtual_environment_download_file.ubuntu_cloud_image",
            "proxmox_virtual_environment_file.packer_auth_init"
          ]
        }
      ]
    }
  ],
  "check_results": null
}
