{
  "version": 4,
  "terraform_version": "1.12.2",
  "serial": 80,
  "lineage": "b890f0ed-bc1a-2e8a-514f-4ec7a5c48ebc",
  "outputs": {
    "setup_complete": {
      "value": {
        "cloudflared": "✅ Cloudflared: 2 replicas running in cloudflared namespace",
        "external_dns": "✅ ExternalDNS: Deployed in external-dns namespace",
        "next_steps": "Deploy your apps with ingress annotations!",
        "tunnel_created": "✅ Tunnel: homelab-k3s-tunnel"
      },
      "type": [
        "object",
        {
          "cloudflared": "string",
          "external_dns": "string",
          "next_steps": "string",
          "tunnel_created": "string"
        }
      ]
    }
  },
  "resources": [
    {
      "mode": "managed",
      "type": "helm_release",
      "name": "external_dns",
      "provider": "provider[\"registry.terraform.io/hashicorp/helm\"]",
      "instances": [
        {
          "schema_version": 2,
          "attributes": {
            "atomic": false,
            "chart": "external-dns",
            "cleanup_on_fail": false,
            "create_namespace": false,
            "dependency_update": false,
            "description": null,
            "devel": null,
            "disable_crd_hooks": false,
            "disable_openapi_validation": false,
            "disable_webhooks": false,
            "force_update": false,
            "id": "external-dns",
            "keyring": null,
            "lint": false,
            "manifest": null,
            "max_history": 0,
            "metadata": {
              "app_version": "0.17.0",
              "chart": "external-dns",
              "first_deployed": 1751796909,
              "last_deployed": 1751796909,
              "name": "external-dns",
              "namespace": "external-dns",
              "notes": "***********************************************************************\n* External DNS                                                        *\n***********************************************************************\n  Chart version: 1.17.0\n  App version:   0.17.0\n  Image tag:     registry.k8s.io/external-dns/external-dns:v0.17.0\n***********************************************************************\n🚧 DEPRECATIONS 🚧\n\nThe following features, functions, or methods are deprecated and no longer recommended for use.\n\n❗❗❗ DEPRECATED ❗❗❗ The legacy 'provider: \u003cname\u003e' configuration is in use. Support will be removed in future releases.\n",
              "revision": 1,
              "values": "{\"domainFilters\":[\"milenika.dev\"],\"env\":[{\"name\":\"CF_API_TOKEN\",\"valueFrom\":{\"secretKeyRef\":{\"key\":\"apiKey\",\"name\":\"cloudflare-api-key\"}}}],\"interval\":\"1m\",\"logLevel\":\"info\",\"policy\":\"sync\",\"provider\":\"cloudflare\",\"sources\":[\"ingress\"],\"txtOwnerId\":\"homelab-k3s\",\"txtPrefix\":\"externaldns-\"}",
              "version": "1.17.0"
            },
            "name": "external-dns",
            "namespace": "external-dns",
            "pass_credentials": false,
            "postrender": null,
            "recreate_pods": false,
            "render_subchart_notes": true,
            "replace": false,
            "repository": "https://kubernetes-sigs.github.io/external-dns/",
            "repository_ca_file": null,
            "repository_cert_file": null,
            "repository_key_file": null,
            "repository_password": null,
            "repository_username": null,
            "reset_values": false,
            "reuse_values": false,
            "set": null,
            "set_list": null,
            "set_sensitive": null,
            "set_wo": null,
            "set_wo_revision": null,
            "skip_crds": false,
            "status": "deployed",
            "timeout": 300,
            "values": [
              "\"domainFilters\":\n- \"milenika.dev\"\n\"env\":\n- \"name\": \"CF_API_TOKEN\"\n  \"valueFrom\":\n    \"secretKeyRef\":\n      \"key\": \"apiKey\"\n      \"name\": \"cloudflare-api-key\"\n\"interval\": \"1m\"\n\"logLevel\": \"info\"\n\"policy\": \"sync\"\n\"provider\": \"cloudflare\"\n\"sources\":\n- \"ingress\"\n\"txtOwnerId\": \"homelab-k3s\"\n\"txtPrefix\": \"externaldns-\"\n"
            ],
            "verify": false,
            "version": "1.17.0",
            "wait": true,
            "wait_for_jobs": false
          },
          "sensitive_attributes": [
            [
              {
                "type": "get_attr",
                "value": "repository_password"
              }
            ]
          ],
          "identity_schema_version": 0,
          "identity": {
            "namespace": "external-dns",
            "release_name": "external-dns"
          },
          "dependencies": [
            "kubernetes_namespace.external_dns",
            "kubernetes_secret.cloudflare_api_token"
          ]
        }
      ]
    },
    {
      "mode": "managed",
      "type": "kubernetes_namespace",
      "name": "cloudflared",
      "provider": "provider[\"registry.terraform.io/hashicorp/kubernetes\"]",
      "instances": [
        {
          "schema_version": 0,
          "attributes": {
            "id": "cloudflared",
            "metadata": [
              {
                "annotations": null,
                "generate_name": "",
                "generation": 0,
                "labels": null,
                "name": "cloudflared",
                "resource_version": "782",
                "uid": "672fae87-c938-4311-8b63-1b5c27687302"
              }
            ],
            "timeouts": null,
            "wait_for_default_service_account": false
          },
          "sensitive_attributes": [],
          "identity_schema_version": 0,
          "private": "eyJlMmJmYjczMC1lY2FhLTExZTYtOGY4OC0zNDM2M2JjN2M0YzAiOnsiZGVsZXRlIjozMDAwMDAwMDAwMDB9fQ=="
        }
      ]
    },
    {
      "mode": "managed",
      "type": "kubernetes_namespace",
      "name": "external_dns",
      "provider": "provider[\"registry.terraform.io/hashicorp/kubernetes\"]",
      "instances": [
        {
          "schema_version": 0,
          "attributes": {
            "id": "external-dns",
            "metadata": [
              {
                "annotations": null,
                "generate_name": "",
                "generation": 0,
                "labels": null,
                "name": "external-dns",
                "resource_version": "783",
                "uid": "8956fac8-4463-4b2b-93d3-7b4c125e3021"
              }
            ],
            "timeouts": null,
            "wait_for_default_service_account": false
          },
          "sensitive_attributes": [],
          "identity_schema_version": 0,
          "private": "eyJlMmJmYjczMC1lY2FhLTExZTYtOGY4OC0zNDM2M2JjN2M0YzAiOnsiZGVsZXRlIjozMDAwMDAwMDAwMDB9fQ=="
        }
      ]
    },
    {
      "mode": "managed",
      "type": "kubernetes_secret",
      "name": "cloudflare_api_token",
      "provider": "provider[\"registry.terraform.io/hashicorp/kubernetes\"]",
      "instances": [
        {
          "schema_version": 0,
          "attributes": {
            "binary_data": null,
            "binary_data_wo": null,
            "binary_data_wo_revision": null,
            "data": {
              "apiKey": "NtdA-v9tJW_qw8V4sFTsRztTK8L6UFbpjLLrwX7b"
            },
            "data_wo": null,
            "data_wo_revision": null,
            "id": "external-dns/cloudflare-api-key",
            "immutable": false,
            "metadata": [
              {
                "annotations": null,
                "generate_name": "",
                "generation": 0,
                "labels": null,
                "name": "cloudflare-api-key",
                "namespace": "external-dns",
                "resource_version": "788",
                "uid": "44c96e7f-5b6f-4df4-a111-ef4d12355161"
              }
            ],
            "timeouts": null,
            "type": "Opaque",
            "wait_for_service_account_token": true
          },
          "sensitive_attributes": [
            [
              {
                "type": "get_attr",
                "value": "binary_data"
              }
            ],
            [
              {
                "type": "get_attr",
                "value": "data"
              }
            ],
            [
              {
                "type": "get_attr",
                "value": "data"
              },
              {
                "type": "index",
                "value": {
                  "value": "apiKey",
                  "type": "string"
                }
              }
            ]
          ],
          "identity_schema_version": 0,
          "private": "eyJlMmJmYjczMC1lY2FhLTExZTYtOGY4OC0zNDM2M2JjN2M0YzAiOnsiY3JlYXRlIjo2MDAwMDAwMDAwMH19",
          "dependencies": [
            "kubernetes_namespace.external_dns"
          ]
        }
      ]
    },
    {
      "mode": "managed",
      "type": "random_password",
      "name": "tunnel_secret",
      "provider": "provider[\"registry.terraform.io/hashicorp/random\"]",
      "instances": [
        {
          "schema_version": 3,
          "attributes": {
            "bcrypt_hash": "$2a$10$2w4W6qB4JuDS7PV1fiLaYenhK16mJN.6unARaFFwqPcJs.TQiTM1G",
            "id": "none",
            "keepers": null,
            "length": 35,
            "lower": true,
            "min_lower": 0,
            "min_numeric": 0,
            "min_special": 0,
            "min_upper": 0,
            "number": true,
            "numeric": true,
            "override_special": null,
            "result": "OBsCHFEB50VjpgXaCGJB6fcS81EjBQnTUzk",
            "special": false,
            "upper": true
          },
          "sensitive_attributes": [
            [
              {
                "type": "get_attr",
                "value": "bcrypt_hash"
              }
            ],
            [
              {
                "type": "get_attr",
                "value": "result"
              }
            ]
          ],
          "identity_schema_version": 0
        }
      ]
    }
  ],
  "check_results": null
}
