{
  "version": 4,
  "terraform_version": "1.12.2",
  "serial": 110,
  "lineage": "b890f0ed-bc1a-2e8a-514f-4ec7a5c48ebc",
  "outputs": {
    "setup_complete": {
      "value": {
        "cloudflared": "✅ Cloudflared: 2 replicas running in cloudflared namespace",
        "external_dns": "✅ ExternalDNS: Deployed in external-dns namespace",
        "next_steps": "Deploy your apps with ingress annotations!",
        "tunnel_created": "✅ Tunnel: homelab-k3s-tunnel"
      },
      "type": [
        "object",
        {
          "cloudflared": "string",
          "external_dns": "string",
          "next_steps": "string",
          "tunnel_created": "string"
        }
      ]
    },
    "tunnel_cname": {
      "value": "e3eb2656-ba08-487e-86df-5788a51be54d.cfargotunnel.com",
      "type": "string"
    },
    "tunnel_id": {
      "value": "e3eb2656-ba08-487e-86df-5788a51be54d",
      "type": "string"
    },
    "tunnel_token": {
      "value": "eyJhIjoiNTkwYzBjMGNmOGYwNjlkNTEwYTBiMzcxMmUyYzMwMWMiLCJ0IjoiZTNlYjI2NTYtYmEwOC00ODdlLTg2ZGYtNTc4OGE1MWJlNTRkIiwicyI6IlRWRlRXV3RVTUdKa04yOXhZWE13U0ZKUlVERmFVbUZHVlRNeVZIQnRibkY1ZFZJPSJ9",
      "type": "string",
      "sensitive": true
    }
  },
  "resources": [
    {
      "mode": "managed",
      "type": "cloudflare_zero_trust_tunnel_cloudflared",
      "name": "k3s_tunnel",
      "provider": "provider[\"registry.terraform.io/cloudflare/cloudflare\"]",
      "instances": [
        {
          "schema_version": 0,
          "attributes": {
            "account_id": "590c0c0cf8f069d510a0b3712e2c301c",
            "cname": "e3eb2656-ba08-487e-86df-5788a51be54d.cfargotunnel.com",
            "config_src": "cloudflare",
            "id": "e3eb2656-ba08-487e-86df-5788a51be54d",
            "name": "homelab-k3s-tunnel",
            "secret": "TVFTWWtUMGJkN29xYXMwSFJRUDFaUmFGVTMyVHBtbnF5dVI=",
            "tunnel_token": "eyJhIjoiNTkwYzBjMGNmOGYwNjlkNTEwYTBiMzcxMmUyYzMwMWMiLCJ0IjoiZTNlYjI2NTYtYmEwOC00ODdlLTg2ZGYtNTc4OGE1MWJlNTRkIiwicyI6IlRWRlRXV3RVTUdKa04yOXhZWE13U0ZKUlVERmFVbUZHVlRNeVZIQnRibkY1ZFZJPSJ9"
          },
          "sensitive_attributes": [
            [
              {
                "type": "get_attr",
                "value": "secret"
              }
            ],
            [
              {
                "type": "get_attr",
                "value": "tunnel_token"
              }
            ]
          ],
          "identity_schema_version": 0,
          "private": "bnVsbA==",
          "dependencies": [
            "random_password.tunnel_secret"
          ]
        }
      ]
    },
    {
      "mode": "managed",
      "type": "cloudflare_zero_trust_tunnel_cloudflared_config",
      "name": "k3s_tunnel_config",
      "provider": "provider[\"registry.terraform.io/cloudflare/cloudflare\"]",
      "instances": [
        {
          "schema_version": 0,
          "attributes": {
            "account_id": "590c0c0cf8f069d510a0b3712e2c301c",
            "config": [
              {
                "ingress_rule": [
                  {
                    "hostname": "*.milenika.dev",
                    "origin_request": [],
                    "path": "",
                    "service": "http://traefik.kube-system.svc.cluster.local:80"
                  },
                  {
                    "hostname": "milenika.dev",
                    "origin_request": [],
                    "path": "",
                    "service": "http://traefik.kube-system.svc.cluster.local:80"
                  },
                  {
                    "hostname": "",
                    "origin_request": [],
                    "path": "",
                    "service": "http_status:404"
                  }
                ],
                "origin_request": [],
                "warp_routing": []
              }
            ],
            "id": "e3eb2656-ba08-487e-86df-5788a51be54d",
            "tunnel_id": "e3eb2656-ba08-487e-86df-5788a51be54d"
          },
          "sensitive_attributes": [],
          "identity_schema_version": 0,
          "private": "bnVsbA==",
          "dependencies": [
            "cloudflare_zero_trust_tunnel_cloudflared.k3s_tunnel",
            "random_password.tunnel_secret"
          ]
        }
      ]
    },
    {
      "mode": "managed",
      "type": "kubernetes_secret",
      "name": "tunnel_credentials",
      "provider": "provider[\"registry.terraform.io/hashicorp/kubernetes\"]",
      "instances": [
        {
          "schema_version": 0,
          "attributes": {
            "binary_data": null,
            "binary_data_wo": null,
            "binary_data_wo_revision": null,
            "data": {
              "token": "eyJhIjoiNTkwYzBjMGNmOGYwNjlkNTEwYTBiMzcxMmUyYzMwMWMiLCJ0IjoiZTNlYjI2NTYtYmEwOC00ODdlLTg2ZGYtNTc4OGE1MWJlNTRkIiwicyI6IlRWRlRXV3RVTUdKa04yOXhZWE13U0ZKUlVERmFVbUZHVlRNeVZIQnRibkY1ZFZJPSJ9"
            },
            "data_wo": null,
            "data_wo_revision": null,
            "id": "cloudflared/tunnel-token",
            "immutable": false,
            "metadata": [
              {
                "annotations": null,
                "generate_name": "",
                "generation": 0,
                "labels": null,
                "name": "tunnel-token",
                "namespace": "cloudflared",
                "resource_version": "28784",
                "uid": "5575438c-13ce-4775-9df2-4b958e3ff823"
              }
            ],
            "timeouts": null,
            "type": "Opaque",
            "wait_for_service_account_token": true
          },
          "sensitive_attributes": [
            [
              {
                "type": "get_attr",
                "value": "binary_data"
              }
            ],
            [
              {
                "type": "get_attr",
                "value": "data"
              }
            ],
            [
              {
                "type": "get_attr",
                "value": "data"
              },
              {
                "type": "index",
                "value": {
                  "value": "token",
                  "type": "string"
                }
              }
            ]
          ],
          "identity_schema_version": 0,
          "private": "eyJlMmJmYjczMC1lY2FhLTExZTYtOGY4OC0zNDM2M2JjN2M0YzAiOnsiY3JlYXRlIjo2MDAwMDAwMDAwMH19",
          "dependencies": [
            "cloudflare_zero_trust_tunnel_cloudflared.k3s_tunnel",
            "kubernetes_namespace.cloudflared",
            "random_password.tunnel_secret"
          ]
        }
      ]
    },
    {
      "mode": "managed",
      "type": "random_password",
      "name": "tunnel_secret",
      "provider": "provider[\"registry.terraform.io/hashicorp/random\"]",
      "instances": [
        {
          "schema_version": 3,
          "attributes": {
            "bcrypt_hash": "$2a$10$9wW0705d6KQ1b7JPDgIXhOpKLQ7M1Si2.dUcXjSCbQJCizMXy9S5a",
            "id": "none",
            "keepers": null,
            "length": 35,
            "lower": true,
            "min_lower": 0,
            "min_numeric": 0,
            "min_special": 0,
            "min_upper": 0,
            "number": true,
            "numeric": true,
            "override_special": null,
            "result": "MQSYkT0bd7oqas0HRQP1ZRaFU32TpmnqyuR",
            "special": false,
            "upper": true
          },
          "sensitive_attributes": [
            [
              {
                "type": "get_attr",
                "value": "bcrypt_hash"
              }
            ],
            [
              {
                "type": "get_attr",
                "value": "result"
              }
            ]
          ],
          "identity_schema_version": 0
        }
      ]
    }
  ],
  "check_results": null
}
