{
  "version": 4,
  "terraform_version": "1.12.2",
  "serial": 21,
  "lineage": "537b8124-9426-bbbf-d24b-fc28cfe930f3",
  "outputs": {
    "cluster_info": {
      "value": {
        "master": {
          "hostname": "dev-k3s-master-01",
          "ip": "192.168.1.181",
          "name": "dev-k3s-master-01",
          "node": "pve1",
          "vmid": 181
        },
        "ssh_command": "ssh ubuntu@192.168.1.181  # Connect to master node",
        "workers": [
          {
            "hostname": "dev-k3s-worker-01",
            "ip": "192.168.1.182",
            "name": "dev-k3s-worker-01",
            "node": "pve2",
            "vmid": 182
          }
        ]
      },
      "type": [
        "object",
        {
          "master": [
            "object",
            {
              "hostname": "string",
              "ip": "string",
              "name": "string",
              "node": "string",
              "vmid": "number"
            }
          ],
          "ssh_command": "string",
          "workers": [
            "tuple",
            [
              [
                "object",
                {
                  "hostname": "string",
                  "ip": "string",
                  "name": "string",
                  "node": "string",
                  "vmid": "number"
                }
              ]
            ]
          ]
        }
      ]
    },
    "web_server_ips": {
      "value": {
        "dev-k3s-master-01": "192.168.1.181/24",
        "dev-k3s-worker-01": "192.168.1.182/24"
      },
      "type": [
        "object",
        {
          "dev-k3s-master-01": "string",
          "dev-k3s-worker-01": "string"
        }
      ]
    }
  },
  "resources": [
    {
      "mode": "managed",
      "type": "proxmox_virtual_environment_file",
      "name": "master_cloud_init",
      "provider": "provider[\"registry.terraform.io/bpg/proxmox\"]",
      "instances": [
        {
          "schema_version": 0,
          "attributes": {
            "content_type": "snippets",
            "datastore_id": "cluster-shared-nfs",
            "file_mode": null,
            "file_modification_date": null,
            "file_name": "master-hostname-init.yaml",
            "file_size": null,
            "file_tag": null,
            "id": "cluster-shared-nfs:snippets/master-hostname-init.yaml",
            "node_name": "pve1",
            "overwrite": true,
            "source_file": [],
            "source_raw": [
              {
                "data": "#cloud-config\nhostname: dev-k3s-master-01\nmanage_etc_hosts: true\n      \n# Preserve existing SSH keys\nssh_authorized_keys:\n  - \"ssh-rsa AAAAB3NzaC1yc2EAAAADAQABAAACAQCSo7JnBBuSGhZp1EBI1D3zqAV5Y/zSr70LU21JYALlhv68W8wrMDQxn4KphXh2URGuYmCAF5/gyeV49Sinl0SbNErCqQGMPQlEYYm9eru+svEtaDhH5xuJYVzqoSTsS6iDsTp/kHASbnFb9lSAa0jo8RaXSbtzUHPL7lpO+YdVbKEJq0MK9B4dkNWsOHOnjFKJ35cL2u8h2SPHOZO7k7w3maPaDGrXaalv8skvfgPhrJ8zPwgs/r5g6X+LCl4LgVq4RZs9ssg+m389t4ezGoHyyfBqOzTgptugxb8Oq6Ml0nMe6f7sCudpYRc+/wwstCzarvowyPv5Cc9ZmnQOpuxAmU+GSR61T0+rZXtbcjwZVDS+CjpE/y1V1qIeR+IzhfQhTcqVBYcfH/Jg1HKIXlvNR6OdO6m8SawnPSzjgnxAFiXmp6m12M/xL6BYTYb8AaANnbZe6PgZCJzGqBwt6tGZ9hCcVLTavYXNO8fLcAqToZucCMMUs0mT+7NECsb0iSi1SD9FLaaEPNBIc3GvT4Lo1VcerRpy+6hJ1qzDWkZsQV7V4Kasfm/NIsH1Vu8/QkkQXi6J1CR5B2L9HjoXu2uA9qeEi8u7QUbB3T90+0PXwY/7J3VHZKwAkuxo3tfKyHcjJnJoBBsQ3RjGnVz3DOvvqNcs/xeZP5XQskdozP82vw== milenikaiqbal@gmail.com\"\n  - \"ssh-rsa AAAAB3NzaC1yc2EAAAADAQABAAACAQDJ7XAzKzFPAaScqA8tnLM99BzKkBv6U3pkdQWtVkZ/QZhasSbhWzieWHAvoKqQqR8aEGDO8BbXx6CAGnbJPXRfPtArgtyj3gm6UVQq4CBpJWI2hBdeMFHyzZmINs5SrgW20Lrh+XCJczLxXTvkv4tfok88IeEmnrSmrq0l6Y/1lVPK9Wrc9hjtycQGdooe3rKs8FicO3kinUa4C+t/vCoZbYbtSEI04rR/NvTwk3UFAhiOIVKDIqC7CuQaPz/s8bMQk8rOuVGkf8kM2rkUMYUN030AcgXzYuDoFLgUtonqqUGrF2liHj2owd83af2k+HRZL2fCqbNwY7Iz1vnUyxPpMWSjoQJixl6MMEBrJyn6TnYIHgeaa2YaIicOE9Ze1vpscfZ1oRrJfJU2sL+1elVEXkrqJfJlpRWHK0IfKTWtpdVD6j8x2RshAKMfBnavmhm2fIiizfePSE8VIlMWMQ9AzqQsyzXVsYXULRd+N4xfoWR6z4A8R4iTFIAqGneD08RX1JYQqaCicobxYYVIqCey3wbFY7AbahGsI7SdJsqkTUOdKIWYHiCsp1H2Hl0jMj5dERy/ZY2a8cFpZSjMG2cyJz0Ji8eMORg7fwrHMOmKDieSedAl4wk+cYHzRUR+9Mj9RubgFeO743i/7K8Yf+pKKzC3dhavtE8wY7qmh6Xa9Q== mikha@T440p\"\n      \npackages:\n  - qemu-guest-agent\n      \nruncmd:\n  - systemctl enable --now qemu-guest-agent\n",
                "file_name": "master-hostname-init.yaml",
                "resize": 0
              }
            ],
            "timeout_upload": 1800
          },
          "sensitive_attributes": [],
          "identity_schema_version": 0,
          "private": "bnVsbA=="
        }
      ]
    },
    {
      "mode": "managed",
      "type": "proxmox_virtual_environment_file",
      "name": "worker_cloud_init",
      "provider": "provider[\"registry.terraform.io/bpg/proxmox\"]",
      "instances": [
        {
          "schema_version": 0,
          "attributes": {
            "content_type": "snippets",
            "datastore_id": "cluster-shared-nfs",
            "file_mode": null,
            "file_modification_date": null,
            "file_name": "worker-hostname-init.yaml",
            "file_size": null,
            "file_tag": null,
            "id": "cluster-shared-nfs:snippets/worker-hostname-init.yaml",
            "node_name": "pve2",
            "overwrite": true,
            "source_file": [],
            "source_raw": [
              {
                "data": "#cloud-config\nhostname: dev-k3s-worker-01\nmanage_etc_hosts: true\n      \n# Preserve existing SSH keys\nssh_authorized_keys:\n  - \"ssh-rsa AAAAB3NzaC1yc2EAAAADAQABAAACAQCSo7JnBBuSGhZp1EBI1D3zqAV5Y/zSr70LU21JYALlhv68W8wrMDQxn4KphXh2URGuYmCAF5/gyeV49Sinl0SbNErCqQGMPQlEYYm9eru+svEtaDhH5xuJYVzqoSTsS6iDsTp/kHASbnFb9lSAa0jo8RaXSbtzUHPL7lpO+YdVbKEJq0MK9B4dkNWsOHOnjFKJ35cL2u8h2SPHOZO7k7w3maPaDGrXaalv8skvfgPhrJ8zPwgs/r5g6X+LCl4LgVq4RZs9ssg+m389t4ezGoHyyfBqOzTgptugxb8Oq6Ml0nMe6f7sCudpYRc+/wwstCzarvowyPv5Cc9ZmnQOpuxAmU+GSR61T0+rZXtbcjwZVDS+CjpE/y1V1qIeR+IzhfQhTcqVBYcfH/Jg1HKIXlvNR6OdO6m8SawnPSzjgnxAFiXmp6m12M/xL6BYTYb8AaANnbZe6PgZCJzGqBwt6tGZ9hCcVLTavYXNO8fLcAqToZucCMMUs0mT+7NECsb0iSi1SD9FLaaEPNBIc3GvT4Lo1VcerRpy+6hJ1qzDWkZsQV7V4Kasfm/NIsH1Vu8/QkkQXi6J1CR5B2L9HjoXu2uA9qeEi8u7QUbB3T90+0PXwY/7J3VHZKwAkuxo3tfKyHcjJnJoBBsQ3RjGnVz3DOvvqNcs/xeZP5XQskdozP82vw== milenikaiqbal@gmail.com\"\n  - \"ssh-rsa AAAAB3NzaC1yc2EAAAADAQABAAACAQDJ7XAzKzFPAaScqA8tnLM99BzKkBv6U3pkdQWtVkZ/QZhasSbhWzieWHAvoKqQqR8aEGDO8BbXx6CAGnbJPXRfPtArgtyj3gm6UVQq4CBpJWI2hBdeMFHyzZmINs5SrgW20Lrh+XCJczLxXTvkv4tfok88IeEmnrSmrq0l6Y/1lVPK9Wrc9hjtycQGdooe3rKs8FicO3kinUa4C+t/vCoZbYbtSEI04rR/NvTwk3UFAhiOIVKDIqC7CuQaPz/s8bMQk8rOuVGkf8kM2rkUMYUN030AcgXzYuDoFLgUtonqqUGrF2liHj2owd83af2k+HRZL2fCqbNwY7Iz1vnUyxPpMWSjoQJixl6MMEBrJyn6TnYIHgeaa2YaIicOE9Ze1vpscfZ1oRrJfJU2sL+1elVEXkrqJfJlpRWHK0IfKTWtpdVD6j8x2RshAKMfBnavmhm2fIiizfePSE8VIlMWMQ9AzqQsyzXVsYXULRd+N4xfoWR6z4A8R4iTFIAqGneD08RX1JYQqaCicobxYYVIqCey3wbFY7AbahGsI7SdJsqkTUOdKIWYHiCsp1H2Hl0jMj5dERy/ZY2a8cFpZSjMG2cyJz0Ji8eMORg7fwrHMOmKDieSedAl4wk+cYHzRUR+9Mj9RubgFeO743i/7K8Yf+pKKzC3dhavtE8wY7qmh6Xa9Q== mikha@T440p\"\n      \npackages:\n  - qemu-guest-agent\n      \nruncmd:\n  - systemctl enable --now qemu-guest-agent\n",
                "file_name": "worker-hostname-init.yaml",
                "resize": 0
              }
            ],
            "timeout_upload": 1800
          },
          "sensitive_attributes": [],
          "identity_schema_version": 0,
          "private": "bnVsbA=="
        }
      ]
    },
    {
      "mode": "managed",
      "type": "proxmox_virtual_environment_vm",
      "name": "master",
      "provider": "provider[\"registry.terraform.io/bpg/proxmox\"]",
      "instances": [
        {
          "schema_version": 0,
          "attributes": {
            "acpi": true,
            "agent": [
              {
                "enabled": true,
                "timeout": "15m",
                "trim": false,
                "type": "virtio"
              }
            ],
            "audio_device": [],
            "bios": "seabios",
            "boot_order": null,
            "cdrom": [],
            "clone": [
              {
                "datastore_id": "",
                "full": true,
                "node_name": "",
                "retries": 1,
                "vm_id": 9000
              }
            ],
            "cpu": [
              {
                "affinity": "",
                "architecture": "",
                "cores": 6,
                "flags": null,
                "hotplugged": 0,
                "limit": 0,
                "numa": false,
                "sockets": 1,
                "type": "qemu64",
                "units": 1024
              }
            ],
            "description": null,
            "disk": [],
            "efi_disk": [],
            "hook_script_file_id": null,
            "hostpci": [],
            "id": "181",
            "initialization": [
              {
                "datastore_id": "local-lvm",
                "dns": [],
                "interface": "ide0",
                "ip_config": [
                  {
                    "ipv4": [
                      {
                        "address": "192.168.1.181/24",
                        "gateway": "192.168.1.1"
                      }
                    ],
                    "ipv6": []
                  }
                ],
                "meta_data_file_id": "",
                "network_data_file_id": "",
                "type": "",
                "upgrade": false,
                "user_account": [],
                "user_data_file_id": "cluster-shared-nfs:snippets/master-hostname-init.yaml",
                "vendor_data_file_id": ""
              }
            ],
            "ipv4_addresses": [
              [
                "127.0.0.1"
              ],
              [
                "192.168.1.181"
              ]
            ],
            "ipv6_addresses": [
              [
                "::1"
              ],
              [
                "fe80::be24:11ff:fe8a:a545"
              ]
            ],
            "keyboard_layout": "en-us",
            "kvm_arguments": null,
            "mac_addresses": [
              "00:00:00:00:00:00",
              "BC:24:11:8A:A5:45"
            ],
            "machine": null,
            "memory": [
              {
                "dedicated": 8192,
                "floating": 0,
                "hugepages": "",
                "keep_hugepages": false,
                "shared": 0
              }
            ],
            "migrate": false,
            "name": "dev-k3s-master-01",
            "network_device": [
              {
                "bridge": "vmbr0",
                "disconnected": false,
                "enabled": true,
                "firewall": false,
                "mac_address": "BC:24:11:8A:A5:45",
                "model": "virtio",
                "mtu": 0,
                "queues": 0,
                "rate_limit": 0,
                "trunks": "",
                "vlan_id": 0
              }
            ],
            "network_interface_names": [
              "lo",
              "eth0"
            ],
            "node_name": "pve1",
            "numa": [],
            "on_boot": true,
            "operating_system": [],
            "pool_id": null,
            "protection": false,
            "reboot": false,
            "scsi_hardware": "virtio-scsi-pci",
            "serial_device": [],
            "smbios": [],
            "started": true,
            "startup": [],
            "stop_on_destroy": false,
            "tablet_device": true,
            "tags": [
              "golden-image",
              "k3s"
            ],
            "template": false,
            "timeout_clone": 1800,
            "timeout_create": 1800,
            "timeout_migrate": 1800,
            "timeout_move_disk": 1800,
            "timeout_reboot": 1800,
            "timeout_shutdown_vm": 1800,
            "timeout_start_vm": 1800,
            "timeout_stop_vm": 300,
            "tpm_state": [],
            "usb": [],
            "vga": [],
            "vm_id": 181,
            "watchdog": []
          },
          "sensitive_attributes": [],
          "identity_schema_version": 0,
          "private": "bnVsbA==",
          "dependencies": [
            "proxmox_virtual_environment_file.master_cloud_init"
          ]
        }
      ]
    },
    {
      "mode": "managed",
      "type": "proxmox_virtual_environment_vm",
      "name": "worker",
      "provider": "provider[\"registry.terraform.io/bpg/proxmox\"]",
      "instances": [
        {
          "schema_version": 0,
          "attributes": {
            "acpi": true,
            "agent": [
              {
                "enabled": true,
                "timeout": "15m",
                "trim": false,
                "type": "virtio"
              }
            ],
            "audio_device": [],
            "bios": "seabios",
            "boot_order": null,
            "cdrom": [],
            "clone": [
              {
                "datastore_id": "",
                "full": true,
                "node_name": "",
                "retries": 1,
                "vm_id": 9010
              }
            ],
            "cpu": [
              {
                "affinity": "",
                "architecture": "",
                "cores": 6,
                "flags": null,
                "hotplugged": 0,
                "limit": 0,
                "numa": false,
                "sockets": 1,
                "type": "qemu64",
                "units": 1024
              }
            ],
            "description": null,
            "disk": [],
            "efi_disk": [],
            "hook_script_file_id": null,
            "hostpci": [],
            "id": "182",
            "initialization": [
              {
                "datastore_id": "local-lvm",
                "dns": [],
                "interface": "ide0",
                "ip_config": [
                  {
                    "ipv4": [
                      {
                        "address": "192.168.1.182/24",
                        "gateway": "192.168.1.1"
                      }
                    ],
                    "ipv6": []
                  }
                ],
                "meta_data_file_id": "",
                "network_data_file_id": "",
                "type": "",
                "upgrade": false,
                "user_account": [],
                "user_data_file_id": "cluster-shared-nfs:snippets/worker-hostname-init.yaml",
                "vendor_data_file_id": ""
              }
            ],
            "ipv4_addresses": [
              [
                "127.0.0.1"
              ],
              [
                "192.168.1.182"
              ]
            ],
            "ipv6_addresses": [
              [
                "::1"
              ],
              [
                "fe80::be24:11ff:fea9:d130"
              ]
            ],
            "keyboard_layout": "en-us",
            "kvm_arguments": null,
            "mac_addresses": [
              "00:00:00:00:00:00",
              "BC:24:11:A9:D1:30"
            ],
            "machine": null,
            "memory": [
              {
                "dedicated": 8192,
                "floating": 0,
                "hugepages": "",
                "keep_hugepages": false,
                "shared": 0
              }
            ],
            "migrate": false,
            "name": "dev-k3s-worker-01",
            "network_device": [
              {
                "bridge": "vmbr0",
                "disconnected": false,
                "enabled": true,
                "firewall": false,
                "mac_address": "BC:24:11:A9:D1:30",
                "model": "virtio",
                "mtu": 0,
                "queues": 0,
                "rate_limit": 0,
                "trunks": "",
                "vlan_id": 0
              }
            ],
            "network_interface_names": [
              "lo",
              "eth0"
            ],
            "node_name": "pve2",
            "numa": [],
            "on_boot": true,
            "operating_system": [],
            "pool_id": null,
            "protection": false,
            "reboot": false,
            "scsi_hardware": "virtio-scsi-pci",
            "serial_device": [],
            "smbios": [],
            "started": true,
            "startup": [],
            "stop_on_destroy": false,
            "tablet_device": true,
            "tags": [
              "golden-image",
              "k3s"
            ],
            "template": false,
            "timeout_clone": 1800,
            "timeout_create": 1800,
            "timeout_migrate": 1800,
            "timeout_move_disk": 1800,
            "timeout_reboot": 1800,
            "timeout_shutdown_vm": 1800,
            "timeout_start_vm": 1800,
            "timeout_stop_vm": 300,
            "tpm_state": [],
            "usb": [],
            "vga": [],
            "vm_id": 182,
            "watchdog": []
          },
          "sensitive_attributes": [],
          "identity_schema_version": 0,
          "private": "bnVsbA==",
          "dependencies": [
            "proxmox_virtual_environment_file.worker_cloud_init"
          ]
        }
      ]
    }
  ],
  "check_results": null
}
