{
  "version": 4,
  "terraform_version": "1.12.2",
  "serial": 57,
  "lineage": "c07e715b-5a9a-ff1c-5212-3af894c4708a",
  "outputs": {},
  "resources": [
    {
      "mode": "data",
      "type": "terraform_remote_state",
      "name": "images",
      "provider": "provider[\"terraform.io/builtin/terraform\"]",
      "instances": [
        {
          "schema_version": 0,
          "attributes": {
            "backend": "local",
            "config": {
              "value": {
                "path": "../01_base_images/terraform.tfstate"
              },
              "type": [
                "object",
                {
                  "path": "string"
                }
              ]
            },
            "defaults": null,
            "outputs": {
              "value": {
                "ubuntu_image_id": "local:iso/noble-server-cloudimg-amd64.img"
              },
              "type": [
                "object",
                {
                  "ubuntu_image_id": "string"
                }
              ]
            },
            "workspace": null
          },
          "sensitive_attributes": [],
          "identity_schema_version": 0
        }
      ]
    },
    {
      "mode": "managed",
      "type": "null_resource",
      "name": "register_nfs_storage",
      "provider": "provider[\"registry.terraform.io/hashicorp/null\"]",
      "instances": [
        {
          "schema_version": 0,
          "attributes": {
            "id": "2686394910538098001",
            "triggers": {
              "vm_id": "700"
            }
          },
          "sensitive_attributes": [],
          "identity_schema_version": 0,
          "dependencies": [
            "data.terraform_remote_state.images",
            "proxmox_virtual_environment_file.nas_cloud_init",
            "proxmox_virtual_environment_vm.nfs_server"
          ]
        }
      ]
    },
    {
      "mode": "managed",
      "type": "proxmox_virtual_environment_file",
      "name": "nas_cloud_init",
      "provider": "provider[\"registry.terraform.io/bpg/proxmox\"]",
      "instances": [
        {
          "schema_version": 0,
          "attributes": {
            "content_type": "snippets",
            "datastore_id": "local",
            "file_mode": null,
            "file_modification_date": null,
            "file_name": "nas-init.yaml",
            "file_size": null,
            "file_tag": null,
            "id": "local:snippets/nas-init.yaml",
            "node_name": "pve1",
            "overwrite": true,
            "source_file": [],
            "source_raw": [
              {
                "data": "#cloud-config\nusers:\n  - name: mikha\n    sudo: ALL=(ALL) NOPASSWD:ALL\n    groups: users, admin\n    shell: /bin/bash\n    ssh_authorized_keys:\n      - ssh-rsa AAAAB3NzaC1yc2EAAAADAQABAAACAQCSo7JnBBuSGhZp1EBI1D3zqAV5Y/zSr70LU21JYALlhv68W8wrMDQxn4KphXh2URGuYmCAF5/gyeV49Sinl0SbNErCqQGMPQlEYYm9eru+svEtaDhH5xuJYVzqoSTsS6iDsTp/kHASbnFb9lSAa0jo8RaXSbtzUHPL7lpO+YdVbKEJq0MK9B4dkNWsOHOnjFKJ35cL2u8h2SPHOZO7k7w3maPaDGrXaalv8skvfgPhrJ8zPwgs/r5g6X+LCl4LgVq4RZs9ssg+m389t4ezGoHyyfBqOzTgptugxb8Oq6Ml0nMe6f7sCudpYRc+/wwstCzarvowyPv5Cc9ZmnQOpuxAmU+GSR61T0+rZXtbcjwZVDS+CjpE/y1V1qIeR+IzhfQhTcqVBYcfH/Jg1HKIXlvNR6OdO6m8SawnPSzjgnxAFiXmp6m12M/xL6BYTYb8AaANnbZe6PgZCJzGqBwt6tGZ9hCcVLTavYXNO8fLcAqToZucCMMUs0mT+7NECsb0iSi1SD9FLaaEPNBIc3GvT4Lo1VcerRpy+6hJ1qzDWkZsQV7V4Kasfm/NIsH1Vu8/QkkQXi6J1CR5B2L9HjoXu2uA9qeEi8u7QUbB3T90+0PXwY/7J3VHZKwAkuxo3tfKyHcjJnJoBBsQ3RjGnVz3DOvvqNcs/xeZP5XQskdozP82vw== milenikaiqbal@gmail.com\n      \nssh_pwauth: false\npackages:\n  - nfs-kernel-server\n  - qemu-guest-agent\nruncmd:\n  - systemctl enable --now qemu-guest-agent\n  - mkdir -p /export/proxmox-storage\n  - chown nobody:nogroup /export/proxmox-storage\n  - chmod 777 /export/proxmox-storage\n  - 'echo \"/export/proxmox-storage *(rw,sync,no_subtree_check,no_root_squash)\" \u003e /etc/exports'\n  - exportfs -a\n  - systemctl restart nfs-kernel-server\n",
                "file_name": "nas-init.yaml",
                "resize": 0
              }
            ],
            "timeout_upload": 1800
          },
          "sensitive_attributes": [],
          "identity_schema_version": 0,
          "private": "bnVsbA=="
        }
      ]
    },
    {
      "mode": "managed",
      "type": "proxmox_virtual_environment_vm",
      "name": "nfs_server",
      "provider": "provider[\"registry.terraform.io/bpg/proxmox\"]",
      "instances": [
        {
          "schema_version": 0,
          "attributes": {
            "acpi": true,
            "agent": [
              {
                "enabled": true,
                "timeout": "15m",
                "trim": true,
                "type": "virtio"
              }
            ],
            "audio_device": [],
            "bios": "seabios",
            "boot_order": [
              "scsi0"
            ],
            "cdrom": [],
            "clone": [],
            "cpu": [
              {
                "affinity": "",
                "architecture": "",
                "cores": 1,
                "flags": [],
                "hotplugged": 0,
                "limit": 0,
                "numa": false,
                "sockets": 1,
                "type": "qemu64",
                "units": 1024
              }
            ],
            "description": "NFS server for Proxmox cluster shared storage",
            "disk": [
              {
                "aio": "io_uring",
                "backup": true,
                "cache": "none",
                "datastore_id": "local-lvm",
                "discard": "on",
                "file_format": "raw",
                "file_id": "local:iso/noble-server-cloudimg-amd64.img",
                "interface": "scsi0",
                "iothread": false,
                "path_in_datastore": "vm-700-disk-0",
                "replicate": true,
                "serial": "",
                "size": 50,
                "speed": [],
                "ssd": false
              }
            ],
            "efi_disk": [],
            "hook_script_file_id": null,
            "hostpci": [],
            "id": "700",
            "initialization": [
              {
                "datastore_id": "local-lvm",
                "dns": [
                  {
                    "domain": "",
                    "server": "",
                    "servers": [
                      "1.1.1.1",
                      "8.8.8.8"
                    ]
                  }
                ],
                "interface": "ide2",
                "ip_config": [
                  {
                    "ipv4": [
                      {
                        "address": "192.168.1.70/24",
                        "gateway": "192.168.1.1"
                      }
                    ],
                    "ipv6": []
                  }
                ],
                "meta_data_file_id": "",
                "network_data_file_id": "",
                "type": "",
                "upgrade": false,
                "user_account": [],
                "user_data_file_id": "local:snippets/nas-init.yaml",
                "vendor_data_file_id": ""
              }
            ],
            "ipv4_addresses": [
              [
                "127.0.0.1"
              ],
              [
                "192.168.1.70"
              ]
            ],
            "ipv6_addresses": [
              [
                "::1"
              ],
              [
                "fe80::be24:11ff:fe63:98f9"
              ]
            ],
            "keyboard_layout": "en-us",
            "kvm_arguments": "",
            "mac_addresses": [
              "00:00:00:00:00:00",
              "BC:24:11:63:98:F9"
            ],
            "machine": "",
            "memory": [
              {
                "dedicated": 2048,
                "floating": 0,
                "hugepages": "",
                "keep_hugepages": false,
                "shared": 0
              }
            ],
            "migrate": false,
            "name": "nfs-server-01",
            "network_device": [
              {
                "bridge": "vmbr0",
                "disconnected": false,
                "enabled": true,
                "firewall": false,
                "mac_address": "BC:24:11:63:98:F9",
                "model": "virtio",
                "mtu": 0,
                "queues": 0,
                "rate_limit": 0,
                "trunks": "",
                "vlan_id": 0
              }
            ],
            "network_interface_names": [
              "lo",
              "eth0"
            ],
            "node_name": "pve1",
            "numa": [],
            "on_boot": true,
            "operating_system": [],
            "pool_id": null,
            "protection": false,
            "reboot": false,
            "scsi_hardware": "virtio-scsi-pci",
            "serial_device": [],
            "smbios": [],
            "started": true,
            "startup": [],
            "stop_on_destroy": false,
            "tablet_device": true,
            "tags": [
              "infra",
              "nas",
              "nfs"
            ],
            "template": false,
            "timeout_clone": 1800,
            "timeout_create": 1800,
            "timeout_migrate": 1800,
            "timeout_move_disk": 1800,
            "timeout_reboot": 1800,
            "timeout_shutdown_vm": 1800,
            "timeout_start_vm": 1800,
            "timeout_stop_vm": 300,
            "tpm_state": [],
            "usb": [],
            "vga": [],
            "vm_id": 700,
            "watchdog": []
          },
          "sensitive_attributes": [],
          "identity_schema_version": 0,
          "private": "bnVsbA==",
          "dependencies": [
            "data.terraform_remote_state.images",
            "proxmox_virtual_environment_file.nas_cloud_init"
          ]
        }
      ]
    }
  ],
  "check_results": null
}
